
Microsoft Visual Studio Solution File, Format Version 12.00
# Visual Studio 15
VisualStudioVersion = 15.0.28010.2046
MinimumVisualStudioVersion = 10.0.40219.1
Project("{FAE04EC0-301F-11D3-BF4B-00C04F79EFBC}") = "FtpClientBase", "FtpClientBase\FtpClientBase.csproj", "{C6ECAF7C-3E8F-4EEB-82E2-90E296AD7424}"
EndProject
Project("{FAE04EC0-301F-11D3-BF4B-00C04F79EFBC}") = "FtpClientBaseTests", "FtpClientBaseTests\FtpClientBaseTests.csproj", "{EE9BFA09-C81B-41A7-8E8F-3E9D4AD5FEC1}"
EndProject
Global
	GlobalSection(SolutionConfigurationPlatforms) = preSolution
		Debug|Any CPU = Debug|Any CPU
		Release|Any CPU = Release|Any CPU
	EndGlobalSection
	GlobalSection(ProjectConfigurationPlatforms) = postSolution
		{C6ECAF7C-3E8F-4EEB-82E2-90E296AD7424}.Debug|Any CPU.ActiveCfg = Debug|Any CPU
		{C6ECAF7C-3E8F-4EEB-82E2-90E296AD7424}.Debug|Any CPU.Build.0 = Debug|Any CPU
		{C6ECAF7C-3E8F-4EEB-82E2-90E296AD7424}.Release|Any CPU.ActiveCfg = Release|Any CPU
		{C6ECAF7C-3E8F-4EEB-82E2-90E296AD7424}.Release|Any CPU.Build.0 = Release|Any CPU
		{EE9BFA09-C81B-41A7-8E8F-3E9D4AD5FEC1}.Debug|Any CPU.ActiveCfg = Debug|Any CPU
		{EE9BFA09-C81B-41A7-8E8F-3E9D4AD5FEC1}.Debug|Any CPU.Build.0 = Debug|Any CPU
		{EE9BFA09-C81B-41A7-8E8F-3E9D4AD5FEC1}.Release|Any CPU.ActiveCfg = Release|Any CPU
		{EE9BFA09-C81B-41A7-8E8F-3E9D4AD5FEC1}.Release|Any CPU.Build.0 = Release|Any CPU
	EndGlobalSection
	GlobalSection(SolutionProperties) = preSolution
		HideSolutionNode = FALSE
	EndGlobalSection
	GlobalSection(ExtensibilityGlobals) = postSolution
		SolutionGuid = {1549ED28-9035-4331-859B-332011C980E7}
	EndGlobalSection
EndGlobal
